// !$*UTF8*$!
{
	archiveVersion = 1;
	classes = {
	};
	objectVersion = 56;
	objects = {

/* Begin PBXBuildFile section */
		BE0A74B02B090F4C006DD3CC /* RatatouilleApp.swift in Sources */ = {isa = PBXBuildFile; fileRef = BE0A74AF2B090F4C006DD3CC /* RatatouilleApp.swift */; };
		BE0A74B22B090F4C006DD3CC /* ContentView.swift in Sources */ = {isa = PBXBuildFile; fileRef = BE0A74B12B090F4C006DD3CC /* ContentView.swift */; };
		BE0A74B62B090F4E006DD3CC /* Assets.xcassets in Resources */ = {isa = PBXBuildFile; fileRef = BE0A74B52B090F4E006DD3CC /* Assets.xcassets */; };
		BE0A74B92B090F4E006DD3CC /* Preview Assets.xcassets in Resources */ = {isa = PBXBuildFile; fileRef = BE0A74B82B090F4E006DD3CC /* Preview Assets.xcassets */; };
		BE0A74C02B091007006DD3CC /* Meal.swift in Sources */ = {isa = PBXBuildFile; fileRef = BE0A74BF2B091007006DD3CC /* Meal.swift */; };
		BE0A74C22B091974006DD3CC /* MyMealsView.swift in Sources */ = {isa = PBXBuildFile; fileRef = BE0A74C12B091974006DD3CC /* MyMealsView.swift */; };
		BE0A74C42B091985006DD3CC /* SettingView.swift in Sources */ = {isa = PBXBuildFile; fileRef = BE0A74C32B091985006DD3CC /* SettingView.swift */; };
		BE0A74CA2B091BEE006DD3CC /* SearchView.swift in Sources */ = {isa = PBXBuildFile; fileRef = BE0A74C92B091BEE006DD3CC /* SearchView.swift */; };
		BE20DB852B0B89B0003C3992 /* APISercive.swift in Sources */ = {isa = PBXBuildFile; fileRef = BE20DB842B0B89B0003C3992 /* APISercive.swift */; };
		BE20DB872B0B907F003C3992 /* SearchViewModel.swift in Sources */ = {isa = PBXBuildFile; fileRef = BE20DB862B0B907F003C3992 /* SearchViewModel.swift */; };
		BE2ED07D2B126429002C1EBE /* AddMealView.swift in Sources */ = {isa = PBXBuildFile; fileRef = BE2ED07C2B126429002C1EBE /* AddMealView.swift */; };
		BE3374D32B1735A5005F448F /* AreaModel.swift in Sources */ = {isa = PBXBuildFile; fileRef = BE3374D22B1735A5005F448F /* AreaModel.swift */; };
		BE4B0CE02B1375C000833E13 /* MealDetailView.swift in Sources */ = {isa = PBXBuildFile; fileRef = BE4B0CDF2B1375C000833E13 /* MealDetailView.swift */; };
		BE811CA52B13AAB800A547AF /* EditMealView.swift in Sources */ = {isa = PBXBuildFile; fileRef = BE811CA42B13AAB800A547AF /* EditMealView.swift */; };
		BE967A702B165C8600308D98 /* CategoryModel.swift in Sources */ = {isa = PBXBuildFile; fileRef = BE967A6F2B165C8600308D98 /* CategoryModel.swift */; };
		BEA0D4712B15D4D000786117 /* IngredientModel.swift in Sources */ = {isa = PBXBuildFile; fileRef = BEA0D4702B15D4D000786117 /* IngredientModel.swift */; };
		BEA0D4732B15DE8E00786117 /* SettingsViewModel.swift in Sources */ = {isa = PBXBuildFile; fileRef = BEA0D4722B15DE8E00786117 /* SettingsViewModel.swift */; };
		BEB7D85D2B14C6FB00853696 /* ColorSchemeManager.swift in Sources */ = {isa = PBXBuildFile; fileRef = BEB7D85C2B14C6FB00853696 /* ColorSchemeManager.swift */; };
/* End PBXBuildFile section */

/* Begin PBXFileReference section */
		BE0A74AC2B090F4C006DD3CC /* Ratatouille.app */ = {isa = PBXFileReference; explicitFileType = wrapper.application; includeInIndex = 0; path = Ratatouille.app; sourceTree = BUILT_PRODUCTS_DIR; };
		BE0A74AF2B090F4C006DD3CC /* RatatouilleApp.swift */ = {isa = PBXFileReference; lastKnownFileType = sourcecode.swift; path = RatatouilleApp.swift; sourceTree = "<group>"; };
		BE0A74B12B090F4C006DD3CC /* ContentView.swift */ = {isa = PBXFileReference; lastKnownFileType = sourcecode.swift; path = ContentView.swift; sourceTree = "<group>"; };
		BE0A74B52B090F4E006DD3CC /* Assets.xcassets */ = {isa = PBXFileReference; lastKnownFileType = folder.assetcatalog; path = Assets.xcassets; sourceTree = "<group>"; };
		BE0A74B82B090F4E006DD3CC /* Preview Assets.xcassets */ = {isa = PBXFileReference; lastKnownFileType = folder.assetcatalog; path = "Preview Assets.xcassets"; sourceTree = "<group>"; };
		BE0A74BF2B091007006DD3CC /* Meal.swift */ = {isa = PBXFileReference; lastKnownFileType = sourcecode.swift; path = Meal.swift; sourceTree = "<group>"; };
		BE0A74C12B091974006DD3CC /* MyMealsView.swift */ = {isa = PBXFileReference; lastKnownFileType = sourcecode.swift; path = MyMealsView.swift; sourceTree = "<group>"; };
		BE0A74C32B091985006DD3CC /* SettingView.swift */ = {isa = PBXFileReference; lastKnownFileType = sourcecode.swift; path = SettingView.swift; sourceTree = "<group>"; };
		BE0A74C92B091BEE006DD3CC /* SearchView.swift */ = {isa = PBXFileReference; lastKnownFileType = sourcecode.swift; path = SearchView.swift; sourceTree = "<group>"; };
		BE20DB842B0B89B0003C3992 /* APISercive.swift */ = {isa = PBXFileReference; lastKnownFileType = sourcecode.swift; path = APISercive.swift; sourceTree = "<group>"; };
		BE20DB862B0B907F003C3992 /* SearchViewModel.swift */ = {isa = PBXFileReference; lastKnownFileType = sourcecode.swift; path = SearchViewModel.swift; sourceTree = "<group>"; };
		BE2ED07C2B126429002C1EBE /* AddMealView.swift */ = {isa = PBXFileReference; lastKnownFileType = sourcecode.swift; path = AddMealView.swift; sourceTree = "<group>"; };
		BE3374D22B1735A5005F448F /* AreaModel.swift */ = {isa = PBXFileReference; lastKnownFileType = sourcecode.swift; path = AreaModel.swift; sourceTree = "<group>"; };
		BE4B0CDF2B1375C000833E13 /* MealDetailView.swift */ = {isa = PBXFileReference; lastKnownFileType = sourcecode.swift; path = MealDetailView.swift; sourceTree = "<group>"; };
		BE811CA42B13AAB800A547AF /* EditMealView.swift */ = {isa = PBXFileReference; lastKnownFileType = sourcecode.swift; path = EditMealView.swift; sourceTree = "<group>"; };
		BE967A6F2B165C8600308D98 /* CategoryModel.swift */ = {isa = PBXFileReference; lastKnownFileType = sourcecode.swift; path = CategoryModel.swift; sourceTree = "<group>"; };
		BEA0D4702B15D4D000786117 /* IngredientModel.swift */ = {isa = PBXFileReference; lastKnownFileType = sourcecode.swift; path = IngredientModel.swift; sourceTree = "<group>"; };
		BEA0D4722B15DE8E00786117 /* SettingsViewModel.swift */ = {isa = PBXFileReference; lastKnownFileType = sourcecode.swift; path = SettingsViewModel.swift; sourceTree = "<group>"; };
		BEB7D85C2B14C6FB00853696 /* ColorSchemeManager.swift */ = {isa = PBXFileReference; lastKnownFileType = sourcecode.swift; path = ColorSchemeManager.swift; sourceTree = "<group>"; };
/* End PBXFileReference section */

/* Begin PBXFrameworksBuildPhase section */
		BE0A74A92B090F4C006DD3CC /* Frameworks */ = {
			isa = PBXFrameworksBuildPhase;
			buildActionMask = 2147483647;
			files = (
			);
			runOnlyForDeploymentPostprocessing = 0;
		};
/* End PBXFrameworksBuildPhase section */

/* Begin PBXGroup section */
		BE0A74A32B090F4C006DD3CC = {
			isa = PBXGroup;
			children = (
				BE0A74AE2B090F4C006DD3CC /* Ratatouille */,
				BE0A74AD2B090F4C006DD3CC /* Products */,
			);
			sourceTree = "<group>";
		};
		BE0A74AD2B090F4C006DD3CC /* Products */ = {
			isa = PBXGroup;
			children = (
				BE0A74AC2B090F4C006DD3CC /* Ratatouille.app */,
			);
			name = Products;
			sourceTree = "<group>";
		};
		BE0A74AE2B090F4C006DD3CC /* Ratatouille */ = {
			isa = PBXGroup;
			children = (
				BE0A74AF2B090F4C006DD3CC /* RatatouilleApp.swift */,
				BEB7D85C2B14C6FB00853696 /* ColorSchemeManager.swift */,
				BE0A74C82B091AFE006DD3CC /* Views */,
				BE0A74C72B091AF2006DD3CC /* Models */,
				BE0A74B52B090F4E006DD3CC /* Assets.xcassets */,
				BE0A74B72B090F4E006DD3CC /* Preview Content */,
			);
			path = Ratatouille;
			sourceTree = "<group>";
		};
		BE0A74B72B090F4E006DD3CC /* Preview Content */ = {
			isa = PBXGroup;
			children = (
				BE0A74B82B090F4E006DD3CC /* Preview Assets.xcassets */,
			);
			path = "Preview Content";
			sourceTree = "<group>";
		};
		BE0A74C52B091AE3006DD3CC /* Settings */ = {
			isa = PBXGroup;
			children = (
				BE0A74C32B091985006DD3CC /* SettingView.swift */,
			);
			path = Settings;
			sourceTree = "<group>";
		};
		BE0A74C62B091AE9006DD3CC /* MyMeals */ = {
			isa = PBXGroup;
			children = (
				BE0A74C12B091974006DD3CC /* MyMealsView.swift */,
				BE4B0CDF2B1375C000833E13 /* MealDetailView.swift */,
				BE811CA42B13AAB800A547AF /* EditMealView.swift */,
				BE2ED07C2B126429002C1EBE /* AddMealView.swift */,
			);
			path = MyMeals;
			sourceTree = "<group>";
		};
		BE0A74C72B091AF2006DD3CC /* Models */ = {
			isa = PBXGroup;
			children = (
				BEA0D4702B15D4D000786117 /* IngredientModel.swift */,
				BE967A6F2B165C8600308D98 /* CategoryModel.swift */,
				BE3374D22B1735A5005F448F /* AreaModel.swift */,
				BE0A74BF2B091007006DD3CC /* Meal.swift */,
				BE20DB842B0B89B0003C3992 /* APISercive.swift */,
				BE20DB862B0B907F003C3992 /* SearchViewModel.swift */,
				BEA0D4722B15DE8E00786117 /* SettingsViewModel.swift */,
			);
			path = Models;
			sourceTree = "<group>";
		};
		BE0A74C82B091AFE006DD3CC /* Views */ = {
			isa = PBXGroup;
			children = (
				BE0A74B12B090F4C006DD3CC /* ContentView.swift */,
				BE0A74C62B091AE9006DD3CC /* MyMeals */,
				BE0A74CB2B091BF4006DD3CC /* Search */,
				BE0A74C52B091AE3006DD3CC /* Settings */,
			);
			path = Views;
			sourceTree = "<group>";
		};
		BE0A74CB2B091BF4006DD3CC /* Search */ = {
			isa = PBXGroup;
			children = (
				BE0A74C92B091BEE006DD3CC /* SearchView.swift */,
			);
			path = Search;
			sourceTree = "<group>";
		};
/* End PBXGroup section */

/* Begin PBXNativeTarget section */
		BE0A74AB2B090F4C006DD3CC /* Ratatouille */ = {
			isa = PBXNativeTarget;
			buildConfigurationList = BE0A74BC2B090F4E006DD3CC /* Build configuration list for PBXNativeTarget "Ratatouille" */;
			buildPhases = (
				BE0A74A82B090F4C006DD3CC /* Sources */,
				BE0A74A92B090F4C006DD3CC /* Frameworks */,
				BE0A74AA2B090F4C006DD3CC /* Resources */,
			);
			buildRules = (
			);
			dependencies = (
			);
			name = Ratatouille;
			productName = Ratatouille;
			productReference = BE0A74AC2B090F4C006DD3CC /* Ratatouille.app */;
			productType = "com.apple.product-type.application";
		};
/* End PBXNativeTarget section */

/* Begin PBXProject section */
		BE0A74A42B090F4C006DD3CC /* Project object */ = {
			isa = PBXProject;
			attributes = {
				BuildIndependentTargetsInParallel = 1;
				LastSwiftUpdateCheck = 1500;
				LastUpgradeCheck = 1500;
				TargetAttributes = {
					BE0A74AB2B090F4C006DD3CC = {
						CreatedOnToolsVersion = 15.0.1;
					};
				};
			};
			buildConfigurationList = BE0A74A72B090F4C006DD3CC /* Build configuration list for PBXProject "Ratatouille" */;
			compatibilityVersion = "Xcode 14.0";
			developmentRegion = en;
			hasScannedForEncodings = 0;
			knownRegions = (
				en,
				Base,
			);
			mainGroup = BE0A74A32B090F4C006DD3CC;
			productRefGroup = BE0A74AD2B090F4C006DD3CC /* Products */;
			projectDirPath = "";
			projectRoot = "";
			targets = (
				BE0A74AB2B090F4C006DD3CC /* Ratatouille */,
			);
		};
/* End PBXProject section */

/* Begin PBXResourcesBuildPhase section */
		BE0A74AA2B090F4C006DD3CC /* Resources */ = {
			isa = PBXResourcesBuildPhase;
			buildActionMask = 2147483647;
			files = (
				BE0A74B92B090F4E006DD3CC /* Preview Assets.xcassets in Resources */,
				BE0A74B62B090F4E006DD3CC /* Assets.xcassets in Resources */,
			);
			runOnlyForDeploymentPostprocessing = 0;
		};
/* End PBXResourcesBuildPhase section */

/* Begin PBXSourcesBuildPhase section */
		BE0A74A82B090F4C006DD3CC /* Sources */ = {
			isa = PBXSourcesBuildPhase;
			buildActionMask = 2147483647;
			files = (
				BE0A74C02B091007006DD3CC /* Meal.swift in Sources */,
				BE811CA52B13AAB800A547AF /* EditMealView.swift in Sources */,
				BE0A74B22B090F4C006DD3CC /* ContentView.swift in Sources */,
				BE4B0CE02B1375C000833E13 /* MealDetailView.swift in Sources */,
				BEA0D4732B15DE8E00786117 /* SettingsViewModel.swift in Sources */,
				BE0A74CA2B091BEE006DD3CC /* SearchView.swift in Sources */,
				BE0A74C42B091985006DD3CC /* SettingView.swift in Sources */,
				BE0A74C22B091974006DD3CC /* MyMealsView.swift in Sources */,
				BE20DB872B0B907F003C3992 /* SearchViewModel.swift in Sources */,
				BE20DB852B0B89B0003C3992 /* APISercive.swift in Sources */,
				BEA0D4712B15D4D000786117 /* IngredientModel.swift in Sources */,
				BE0A74B02B090F4C006DD3CC /* RatatouilleApp.swift in Sources */,
				BE967A702B165C8600308D98 /* CategoryModel.swift in Sources */,
				BE3374D32B1735A5005F448F /* AreaModel.swift in Sources */,
				BE2ED07D2B126429002C1EBE /* AddMealView.swift in Sources */,
				BEB7D85D2B14C6FB00853696 /* ColorSchemeManager.swift in Sources */,
			);
			runOnlyForDeploymentPostprocessing = 0;
		};
/* End PBXSourcesBuildPhase section */

/* Begin XCBuildConfiguration section */
		BE0A74BA2B090F4E006DD3CC /* Debug */ = {
			isa = XCBuildConfiguration;
			buildSettings = {
				ALWAYS_SEARCH_USER_PATHS = NO;
				ASSETCATALOG_COMPILER_GENERATE_SWIFT_ASSET_SYMBOL_EXTENSIONS = YES;
				CLANG_ANALYZER_NONNULL = YES;
				CLANG_ANALYZER_NUMBER_OBJECT_CONVERSION = YES_AGGRESSIVE;
				CLANG_CXX_LANGUAGE_STANDARD = "gnu++20";
				CLANG_ENABLE_MODULES = YES;
				CLANG_ENABLE_OBJC_ARC = YES;
				CLANG_ENABLE_OBJC_WEAK = YES;
				CLANG_WARN_BLOCK_CAPTURE_AUTORELEASING = YES;
				CLANG_WARN_BOOL_CONVERSION = YES;
				CLANG_WARN_COMMA = YES;
				CLANG_WARN_CONSTANT_CONVERSION = YES;
				CLANG_WARN_DEPRECATED_OBJC_IMPLEMENTATIONS = YES;
				CLANG_WARN_DIRECT_OBJC_ISA_USAGE = YES_ERROR;
				CLANG_WARN_DOCUMENTATION_COMMENTS = YES;
				CLANG_WARN_EMPTY_BODY = YES;
				CLANG_WARN_ENUM_CONVERSION = YES;
				CLANG_WARN_INFINITE_RECURSION = YES;
				CLANG_WARN_INT_CONVERSION = YES;
				CLANG_WARN_NON_LITERAL_NULL_CONVERSION = YES;
				CLANG_WARN_OBJC_IMPLICIT_RETAIN_SELF = YES;
				CLANG_WARN_OBJC_LITERAL_CONVERSION = YES;
				CLANG_WARN_OBJC_ROOT_CLASS = YES_ERROR;
				CLANG_WARN_QUOTED_INCLUDE_IN_FRAMEWORK_HEADER = YES;
				CLANG_WARN_RANGE_LOOP_ANALYSIS = YES;
				CLANG_WARN_STRICT_PROTOTYPES = YES;
				CLANG_WARN_SUSPICIOUS_MOVE = YES;
				CLANG_WARN_UNGUARDED_AVAILABILITY = YES_AGGRESSIVE;
				CLANG_WARN_UNREACHABLE_CODE = YES;
				CLANG_WARN__DUPLICATE_METHOD_MATCH = YES;
				COPY_PHASE_STRIP = NO;
				DEBUG_INFORMATION_FORMAT = dwarf;
				ENABLE_STRICT_OBJC_MSGSEND = YES;
				ENABLE_TESTABILITY = YES;
				ENABLE_USER_SCRIPT_SANDBOXING = YES;
				GCC_C_LANGUAGE_STANDARD = gnu17;
				GCC_DYNAMIC_NO_PIC = NO;
				GCC_NO_COMMON_BLOCKS = YES;
				GCC_OPTIMIZATION_LEVEL = 0;
				GCC_PREPROCESSOR_DEFINITIONS = (
					"DEBUG=1",
					"$(inherited)",
				);
				GCC_WARN_64_TO_32_BIT_CONVERSION = YES;
				GCC_WARN_ABOUT_RETURN_TYPE = YES_ERROR;
				GCC_WARN_UNDECLARED_SELECTOR = YES;
				GCC_WARN_UNINITIALIZED_AUTOS = YES_AGGRESSIVE;
				GCC_WARN_UNUSED_FUNCTION = YES;
				GCC_WARN_UNUSED_VARIABLE = YES;
				IPHONEOS_DEPLOYMENT_TARGET = 17.0;
				LOCALIZATION_PREFERS_STRING_CATALOGS = YES;
				MTL_ENABLE_DEBUG_INFO = INCLUDE_SOURCE;
				MTL_FAST_MATH = YES;
				ONLY_ACTIVE_ARCH = YES;
				SDKROOT = iphoneos;
				SWIFT_ACTIVE_COMPILATION_CONDITIONS = "DEBUG $(inherited)";
				SWIFT_OPTIMIZATION_LEVEL = "-Onone";
			};
			name = Debug;
		};
		BE0A74BB2B090F4E006DD3CC /* Release */ = {
			isa = XCBuildConfiguration;
			buildSettings = {
				ALWAYS_SEARCH_USER_PATHS = NO;
				ASSETCATALOG_COMPILER_GENERATE_SWIFT_ASSET_SYMBOL_EXTENSIONS = YES;
				CLANG_ANALYZER_NONNULL = YES;
				CLANG_ANALYZER_NUMBER_OBJECT_CONVERSION = YES_AGGRESSIVE;
				CLANG_CXX_LANGUAGE_STANDARD = "gnu++20";
				CLANG_ENABLE_MODULES = YES;
				CLANG_ENABLE_OBJC_ARC = YES;
				CLANG_ENABLE_OBJC_WEAK = YES;
				CLANG_WARN_BLOCK_CAPTURE_AUTORELEASING = YES;
				CLANG_WARN_BOOL_CONVERSION = YES;
				CLANG_WARN_COMMA = YES;
				CLANG_WARN_CONSTANT_CONVERSION = YES;
				CLANG_WARN_DEPRECATED_OBJC_IMPLEMENTATIONS = YES;
				CLANG_WARN_DIRECT_OBJC_ISA_USAGE = YES_ERROR;
				CLANG_WARN_DOCUMENTATION_COMMENTS = YES;
				CLANG_WARN_EMPTY_BODY = YES;
				CLANG_WARN_ENUM_CONVERSION = YES;
				CLANG_WARN_INFINITE_RECURSION = YES;
				CLANG_WARN_INT_CONVERSION = YES;
				CLANG_WARN_NON_LITERAL_NULL_CONVERSION = YES;
				CLANG_WARN_OBJC_IMPLICIT_RETAIN_SELF = YES;
				CLANG_WARN_OBJC_LITERAL_CONVERSION = YES;
				CLANG_WARN_OBJC_ROOT_CLASS = YES_ERROR;
				CLANG_WARN_QUOTED_INCLUDE_IN_FRAMEWORK_HEADER = YES;
				CLANG_WARN_RANGE_LOOP_ANALYSIS = YES;
				CLANG_WARN_STRICT_PROTOTYPES = YES;
				CLANG_WARN_SUSPICIOUS_MOVE = YES;
				CLANG_WARN_UNGUARDED_AVAILABILITY = YES_AGGRESSIVE;
				CLANG_WARN_UNREACHABLE_CODE = YES;
				CLANG_WARN__DUPLICATE_METHOD_MATCH = YES;
				COPY_PHASE_STRIP = NO;
				DEBUG_INFORMATION_FORMAT = "dwarf-with-dsym";
				ENABLE_NS_ASSERTIONS = NO;
				ENABLE_STRICT_OBJC_MSGSEND = YES;
				ENABLE_USER_SCRIPT_SANDBOXING = YES;
				GCC_C_LANGUAGE_STANDARD = gnu17;
				GCC_NO_COMMON_BLOCKS = YES;
				GCC_WARN_64_TO_32_BIT_CONVERSION = YES;
				GCC_WARN_ABOUT_RETURN_TYPE = YES_ERROR;
				GCC_WARN_UNDECLARED_SELECTOR = YES;
				GCC_WARN_UNINITIALIZED_AUTOS = YES_AGGRESSIVE;
				GCC_WARN_UNUSED_FUNCTION = YES;
				GCC_WARN_UNUSED_VARIABLE = YES;
				IPHONEOS_DEPLOYMENT_TARGET = 17.0;
				LOCALIZATION_PREFERS_STRING_CATALOGS = YES;
				MTL_ENABLE_DEBUG_INFO = NO;
				MTL_FAST_MATH = YES;
				SDKROOT = iphoneos;
				SWIFT_COMPILATION_MODE = wholemodule;
				VALIDATE_PRODUCT = YES;
			};
			name = Release;
		};
		BE0A74BD2B090F4E006DD3CC /* Debug */ = {
			isa = XCBuildConfiguration;
			buildSettings = {
				ASSETCATALOG_COMPILER_APPICON_NAME = AppIcon;
				ASSETCATALOG_COMPILER_GLOBAL_ACCENT_COLOR_NAME = AccentColor;
				CODE_SIGN_STYLE = Automatic;
				CURRENT_PROJECT_VERSION = 1;
				DEVELOPMENT_ASSET_PATHS = "\"Ratatouille/Preview Content\"";
				DEVELOPMENT_TEAM = ZV4Z5FR2QY;
				ENABLE_PREVIEWS = YES;
				GENERATE_INFOPLIST_FILE = YES;
				INFOPLIST_KEY_UIApplicationSceneManifest_Generation = YES;
				INFOPLIST_KEY_UIApplicationSupportsIndirectInputEvents = YES;
				INFOPLIST_KEY_UILaunchScreen_Generation = YES;
				INFOPLIST_KEY_UISupportedInterfaceOrientations_iPad = "UIInterfaceOrientationPortrait UIInterfaceOrientationPortraitUpsideDown UIInterfaceOrientationLandscapeLeft UIInterfaceOrientationLandscapeRight";
				INFOPLIST_KEY_UISupportedInterfaceOrientations_iPhone = "UIInterfaceOrientationPortrait UIInterfaceOrientationLandscapeLeft UIInterfaceOrientationLandscapeRight";
				LD_RUNPATH_SEARCH_PATHS = (
					"$(inherited)",
					"@executable_path/Frameworks",
				);
				MARKETING_VERSION = 1.0;
				PRODUCT_BUNDLE_IDENTIFIER = kandidatnr2003.v2.Ratatouille;
				PRODUCT_NAME = "$(TARGET_NAME)";
				SWIFT_EMIT_LOC_STRINGS = YES;
				SWIFT_VERSION = 5.0;
				TARGETED_DEVICE_FAMILY = "1,2";
			};
			name = Debug;
		};
		BE0A74BE2B090F4E006DD3CC /* Release */ = {
			isa = XCBuildConfiguration;
			buildSettings = {
				ASSETCATALOG_COMPILER_APPICON_NAME = AppIcon;
				ASSETCATALOG_COMPILER_GLOBAL_ACCENT_COLOR_NAME = AccentColor;
				CODE_SIGN_STYLE = Automatic;
				CURRENT_PROJECT_VERSION = 1;
				DEVELOPMENT_ASSET_PATHS = "\"Ratatouille/Preview Content\"";
				DEVELOPMENT_TEAM = ZV4Z5FR2QY;
				ENABLE_PREVIEWS = YES;
				GENERATE_INFOPLIST_FILE = YES;
				INFOPLIST_KEY_UIApplicationSceneManifest_Generation = YES;
				INFOPLIST_KEY_UIApplicationSupportsIndirectInputEvents = YES;
				INFOPLIST_KEY_UILaunchScreen_Generation = YES;
				INFOPLIST_KEY_UISupportedInterfaceOrientations_iPad = "UIInterfaceOrientationPortrait UIInterfaceOrientationPortraitUpsideDown UIInterfaceOrientationLandscapeLeft UIInterfaceOrientationLandscapeRight";
				INFOPLIST_KEY_UISupportedInterfaceOrientations_iPhone = "UIInterfaceOrientationPortrait UIInterfaceOrientationLandscapeLeft UIInterfaceOrientationLandscapeRight";
				LD_RUNPATH_SEARCH_PATHS = (
					"$(inherited)",
					"@executable_path/Frameworks",
				);
				MARKETING_VERSION = 1.0;
				PRODUCT_BUNDLE_IDENTIFIER = kandidatnr2003.v2.Ratatouille;
				PRODUCT_NAME = "$(TARGET_NAME)";
				SWIFT_EMIT_LOC_STRINGS = YES;
				SWIFT_VERSION = 5.0;
				TARGETED_DEVICE_FAMILY = "1,2";
			};
			name = Release;
		};
/* End XCBuildConfiguration section */

/* Begin XCConfigurationList section */
		BE0A74A72B090F4C006DD3CC /* Build configuration list for PBXProject "Ratatouille" */ = {
			isa = XCConfigurationList;
			buildConfigurations = (
				BE0A74BA2B090F4E006DD3CC /* Debug */,
				BE0A74BB2B090F4E006DD3CC /* Release */,
			);
			defaultConfigurationIsVisible = 0;
			defaultConfigurationName = Release;
		};
		BE0A74BC2B090F4E006DD3CC /* Build configuration list for PBXNativeTarget "Ratatouille" */ = {
			isa = XCConfigurationList;
			buildConfigurations = (
				BE0A74BD2B090F4E006DD3CC /* Debug */,
				BE0A74BE2B090F4E006DD3CC /* Release */,
			);
			defaultConfigurationIsVisible = 0;
			defaultConfigurationName = Release;
		};
/* End XCConfigurationList section */
	};
	rootObject = BE0A74A42B090F4C006DD3CC /* Project object */;
}
